
Microsoft Visual Studio Solution File, Format Version 12.00
# Visual Studio Version 17
VisualStudioVersion = 17.0.32014.148
MinimumVisualStudioVersion = 10.0.40219.1
Project("{9A19103F-16F7-4668-BE54-9A1E7A4F7556}") = "TestURLS.ConsoleApp", "TestURLS.ConsoleApp\TestURLS.ConsoleApp.csproj", "{8102CE21-4644-43D0-9FAD-ECB8CF2F49F6}"
EndProject
Project("{9A19103F-16F7-4668-BE54-9A1E7A4F7556}") = "TestURLS.UrlLogic", "TestURLS.UrlLogic\TestURLS.UrlLogic.csproj", "{091C7E03-B27A-4556-B501-B257EE335AA5}"
EndProject
Project("{9A19103F-16F7-4668-BE54-9A1E7A4F7556}") = "TestURLS.ConsoleApp.Tests", "TestURLS.ConsoleApp.Tests\TestURLS.ConsoleApp.Tests.csproj", "{A53275A9-DA83-476B-91C2-FFE3B66B668F}"
EndProject
Project("{9A19103F-16F7-4668-BE54-9A1E7A4F7556}") = "TestURLS.UrlLogic.Tests", "TestURLS.UrlLogic.Tests\TestURLS.UrlLogic.Tests.csproj", "{0EF5466A-FAC8-4CC9-B0EB-A115AF30C6B6}"
EndProject
Project("{9A19103F-16F7-4668-BE54-9A1E7A4F7556}") = "TestUrls.EntityFramework", "TestUrls.EntityFramework\TestUrls.EntityFramework.csproj", "{1678CC88-5C7F-4F48-A3E3-B49703BCC0A8}"
EndProject
Project("{9A19103F-16F7-4668-BE54-9A1E7A4F7556}") = "TestUrls.TestResultLogic", "TestUrls.BusinessLayer\TestUrls.TestResultLogic.csproj", "{B59CF7C3-03A6-4C4B-87AE-B593A5CCAD74}"
EndProject
Project("{9A19103F-16F7-4668-BE54-9A1E7A4F7556}") = "TestUrl.MvcApp", "TestUrl.MvcApp\TestUrl.MvcApp.csproj", "{D9EF028A-1685-47DD-BED5-3F73E0CD1EDF}"
EndProject
Project("{9A19103F-16F7-4668-BE54-9A1E7A4F7556}") = "TestUrl.WebApi", "TestUrl.WebApi\TestUrl.WebApi.csproj", "{DBCABE70-000B-4127-BF24-D4D79D54C234}"
EndProject
Project("{54A90642-561A-4BB1-A94E-469ADEE60C69}") = "testurl.vueapi", "TestUrl.VueApi\testurl.vueapi.esproj", "{B94BBA2E-29C5-4627-9F1F-01FAD8A76FBD}"
EndProject
Global
	GlobalSection(SolutionConfigurationPlatforms) = preSolution
		Debug|Any CPU = Debug|Any CPU
		Release|Any CPU = Release|Any CPU
	EndGlobalSection
	GlobalSection(ProjectConfigurationPlatforms) = postSolution
		{8102CE21-4644-43D0-9FAD-ECB8CF2F49F6}.Debug|Any CPU.ActiveCfg = Debug|Any CPU
		{8102CE21-4644-43D0-9FAD-ECB8CF2F49F6}.Debug|Any CPU.Build.0 = Debug|Any CPU
		{8102CE21-4644-43D0-9FAD-ECB8CF2F49F6}.Release|Any CPU.ActiveCfg = Release|Any CPU
		{8102CE21-4644-43D0-9FAD-ECB8CF2F49F6}.Release|Any CPU.Build.0 = Release|Any CPU
		{091C7E03-B27A-4556-B501-B257EE335AA5}.Debug|Any CPU.ActiveCfg = Debug|Any CPU
		{091C7E03-B27A-4556-B501-B257EE335AA5}.Debug|Any CPU.Build.0 = Debug|Any CPU
		{091C7E03-B27A-4556-B501-B257EE335AA5}.Release|Any CPU.ActiveCfg = Release|Any CPU
		{091C7E03-B27A-4556-B501-B257EE335AA5}.Release|Any CPU.Build.0 = Release|Any CPU
		{A53275A9-DA83-476B-91C2-FFE3B66B668F}.Debug|Any CPU.ActiveCfg = Debug|Any CPU
		{A53275A9-DA83-476B-91C2-FFE3B66B668F}.Debug|Any CPU.Build.0 = Debug|Any CPU
		{A53275A9-DA83-476B-91C2-FFE3B66B668F}.Release|Any CPU.ActiveCfg = Release|Any CPU
		{A53275A9-DA83-476B-91C2-FFE3B66B668F}.Release|Any CPU.Build.0 = Release|Any CPU
		{0EF5466A-FAC8-4CC9-B0EB-A115AF30C6B6}.Debug|Any CPU.ActiveCfg = Debug|Any CPU
		{0EF5466A-FAC8-4CC9-B0EB-A115AF30C6B6}.Debug|Any CPU.Build.0 = Debug|Any CPU
		{0EF5466A-FAC8-4CC9-B0EB-A115AF30C6B6}.Release|Any CPU.ActiveCfg = Release|Any CPU
		{0EF5466A-FAC8-4CC9-B0EB-A115AF30C6B6}.Release|Any CPU.Build.0 = Release|Any CPU
		{1678CC88-5C7F-4F48-A3E3-B49703BCC0A8}.Debug|Any CPU.ActiveCfg = Debug|Any CPU
		{1678CC88-5C7F-4F48-A3E3-B49703BCC0A8}.Debug|Any CPU.Build.0 = Debug|Any CPU
		{1678CC88-5C7F-4F48-A3E3-B49703BCC0A8}.Release|Any CPU.ActiveCfg = Release|Any CPU
		{1678CC88-5C7F-4F48-A3E3-B49703BCC0A8}.Release|Any CPU.Build.0 = Release|Any CPU
		{B59CF7C3-03A6-4C4B-87AE-B593A5CCAD74}.Debug|Any CPU.ActiveCfg = Debug|Any CPU
		{B59CF7C3-03A6-4C4B-87AE-B593A5CCAD74}.Debug|Any CPU.Build.0 = Debug|Any CPU
		{B59CF7C3-03A6-4C4B-87AE-B593A5CCAD74}.Release|Any CPU.ActiveCfg = Release|Any CPU
		{B59CF7C3-03A6-4C4B-87AE-B593A5CCAD74}.Release|Any CPU.Build.0 = Release|Any CPU
		{D9EF028A-1685-47DD-BED5-3F73E0CD1EDF}.Debug|Any CPU.ActiveCfg = Debug|Any CPU
		{D9EF028A-1685-47DD-BED5-3F73E0CD1EDF}.Debug|Any CPU.Build.0 = Debug|Any CPU
		{D9EF028A-1685-47DD-BED5-3F73E0CD1EDF}.Release|Any CPU.ActiveCfg = Release|Any CPU
		{D9EF028A-1685-47DD-BED5-3F73E0CD1EDF}.Release|Any CPU.Build.0 = Release|Any CPU
		{DBCABE70-000B-4127-BF24-D4D79D54C234}.Debug|Any CPU.ActiveCfg = Debug|Any CPU
		{DBCABE70-000B-4127-BF24-D4D79D54C234}.Debug|Any CPU.Build.0 = Debug|Any CPU
		{DBCABE70-000B-4127-BF24-D4D79D54C234}.Release|Any CPU.ActiveCfg = Release|Any CPU
		{DBCABE70-000B-4127-BF24-D4D79D54C234}.Release|Any CPU.Build.0 = Release|Any CPU
		{B94BBA2E-29C5-4627-9F1F-01FAD8A76FBD}.Debug|Any CPU.ActiveCfg = Debug|Any CPU
		{B94BBA2E-29C5-4627-9F1F-01FAD8A76FBD}.Debug|Any CPU.Build.0 = Debug|Any CPU
		{B94BBA2E-29C5-4627-9F1F-01FAD8A76FBD}.Debug|Any CPU.Deploy.0 = Debug|Any CPU
		{B94BBA2E-29C5-4627-9F1F-01FAD8A76FBD}.Release|Any CPU.ActiveCfg = Release|Any CPU
		{B94BBA2E-29C5-4627-9F1F-01FAD8A76FBD}.Release|Any CPU.Build.0 = Release|Any CPU
		{B94BBA2E-29C5-4627-9F1F-01FAD8A76FBD}.Release|Any CPU.Deploy.0 = Release|Any CPU
	EndGlobalSection
	GlobalSection(SolutionProperties) = preSolution
		HideSolutionNode = FALSE
	EndGlobalSection
	GlobalSection(ExtensibilityGlobals) = postSolution
		SolutionGuid = {696CF976-8836-4C81-AAC4-798A2312F02A}
	EndGlobalSection
EndGlobal
